
Microsoft Visual Studio Solution File, Format Version 12.00
# Visual Studio 15
VisualStudioVersion = 15.0.28307.1062
MinimumVisualStudioVersion = 10.0.40219.1
Project("{FAE04EC0-301F-11D3-BF4B-00C04F79EFBC}") = "PayClock", "PayClock\PayClock.csproj", "{A9345371-CC6A-4F89-90A5-0EFB7A93DE5B}"
EndProject
Global
	GlobalSection(SolutionConfigurationPlatforms) = preSolution
		Debug|Any CPU = Debug|Any CPU
		Release|Any CPU = Release|Any CPU
	EndGlobalSection
	GlobalSection(ProjectConfigurationPlatforms) = postSolution
		{A9345371-CC6A-4F89-90A5-0EFB7A93DE5B}.Debug|Any CPU.ActiveCfg = Debug|Any CPU
		{A9345371-CC6A-4F89-90A5-0EFB7A93DE5B}.Debug|Any CPU.Build.0 = Debug|Any CPU
		{A9345371-CC6A-4F89-90A5-0EFB7A93DE5B}.Release|Any CPU.ActiveCfg = Release|Any CPU
		{A9345371-CC6A-4F89-90A5-0EFB7A93DE5B}.Release|Any CPU.Build.0 = Release|Any CPU
	EndGlobalSection
	GlobalSection(SolutionProperties) = preSolution
		HideSolutionNode = FALSE
	EndGlobalSection
	GlobalSection(ExtensibilityGlobals) = postSolution
		SolutionGuid = {4380B04F-AB7C-4DCE-9E65-BC9B5079CAC5}
	EndGlobalSection
EndGlobal
